
Microsoft Visual Studio Solution File, Format Version 12.00
# Visual Studio 15
VisualStudioVersion = 15.0.28307.329
MinimumVisualStudioVersion = 10.0.40219.1
Project("{FAE04EC0-301F-11D3-BF4B-00C04F79EFBC}") = "Task2", "Task1\Task2.csproj", "{9ED8D228-5D97-4E66-BFFF-F662F2317B88}"
EndProject
Project("{2150E333-8FDC-42A3-9474-1A3956D46DE8}") = "Date Types", "Date Types", "{3BB0D759-47C9-4CEE-9B1B-1AFAB4F3FAAF}"
EndProject
Project("{FAE04EC0-301F-11D3-BF4B-00C04F79EFBC}") = "Task1", "ConsoleApp1\Task1.csproj", "{C32B9ADD-0908-438B-A5AE-65FF012CD88E}"
EndProject
Global
	GlobalSection(SolutionConfigurationPlatforms) = preSolution
		Debug|Any CPU = Debug|Any CPU
		Release|Any CPU = Release|Any CPU
	EndGlobalSection
	GlobalSection(ProjectConfigurationPlatforms) = postSolution
		{9ED8D228-5D97-4E66-BFFF-F662F2317B88}.Debug|Any CPU.ActiveCfg = Debug|Any CPU
		{9ED8D228-5D97-4E66-BFFF-F662F2317B88}.Debug|Any CPU.Build.0 = Debug|Any CPU
		{9ED8D228-5D97-4E66-BFFF-F662F2317B88}.Release|Any CPU.ActiveCfg = Release|Any CPU
		{9ED8D228-5D97-4E66-BFFF-F662F2317B88}.Release|Any CPU.Build.0 = Release|Any CPU
		{C32B9ADD-0908-438B-A5AE-65FF012CD88E}.Debug|Any CPU.ActiveCfg = Debug|Any CPU
		{C32B9ADD-0908-438B-A5AE-65FF012CD88E}.Debug|Any CPU.Build.0 = Debug|Any CPU
		{C32B9ADD-0908-438B-A5AE-65FF012CD88E}.Release|Any CPU.ActiveCfg = Release|Any CPU
		{C32B9ADD-0908-438B-A5AE-65FF012CD88E}.Release|Any CPU.Build.0 = Release|Any CPU
	EndGlobalSection
	GlobalSection(SolutionProperties) = preSolution
		HideSolutionNode = FALSE
	EndGlobalSection
	GlobalSection(NestedProjects) = preSolution
		{C32B9ADD-0908-438B-A5AE-65FF012CD88E} = {3BB0D759-47C9-4CEE-9B1B-1AFAB4F3FAAF}
	EndGlobalSection
	GlobalSection(ExtensibilityGlobals) = postSolution
		SolutionGuid = {53D9D348-59A6-4C67-ACA6-A9B660631847}
	EndGlobalSection
EndGlobal
